
Microsoft Visual Studio Solution File, Format Version 12.00
# Visual Studio 15
VisualStudioVersion = 15.0.27703.2035
MinimumVisualStudioVersion = 10.0.40219.1
Project("{FAE04EC0-301F-11D3-BF4B-00C04F79EFBC}") = "App10_Vagas.Android", "App10_Vagas\App10_Vagas.Android\App10_Vagas.Android.csproj", "{B8A3249D-1275-4878-B188-0A65788B3190}"
EndProject
Project("{FAE04EC0-301F-11D3-BF4B-00C04F79EFBC}") = "App10_Vagas.iOS", "App10_Vagas\App10_Vagas.iOS\App10_Vagas.iOS.csproj", "{D4F1FEC0-A703-457B-8FCA-2217B555DC0C}"
EndProject
Project("{FAE04EC0-301F-11D3-BF4B-00C04F79EFBC}") = "App10_Vagas.UWP", "App10_Vagas\App10_Vagas.UWP\App10_Vagas.UWP.csproj", "{C1D4CE73-BA62-4AD8-932B-CEDA09F17D05}"
EndProject
Project("{FAE04EC0-301F-11D3-BF4B-00C04F79EFBC}") = "App10_Vagas", "App10_Vagas\App10_Vagas\App10_Vagas.csproj", "{C00D787D-BC7F-45D8-8948-F3A0BD7BB963}"
EndProject
Global
	GlobalSection(SolutionConfigurationPlatforms) = preSolution
		Ad-Hoc|Any CPU = Ad-Hoc|Any CPU
		Ad-Hoc|ARM = Ad-Hoc|ARM
		Ad-Hoc|iPhone = Ad-Hoc|iPhone
		Ad-Hoc|iPhoneSimulator = Ad-Hoc|iPhoneSimulator
		Ad-Hoc|x64 = Ad-Hoc|x64
		Ad-Hoc|x86 = Ad-Hoc|x86
		AppStore|Any CPU = AppStore|Any CPU
		AppStore|ARM = AppStore|ARM
		AppStore|iPhone = AppStore|iPhone
		AppStore|iPhoneSimulator = AppStore|iPhoneSimulator
		AppStore|x64 = AppStore|x64
		AppStore|x86 = AppStore|x86
		Debug|Any CPU = Debug|Any CPU
		Debug|ARM = Debug|ARM
		Debug|iPhone = Debug|iPhone
		Debug|iPhoneSimulator = Debug|iPhoneSimulator
		Debug|x64 = Debug|x64
		Debug|x86 = Debug|x86
		Release|Any CPU = Release|Any CPU
		Release|ARM = Release|ARM
		Release|iPhone = Release|iPhone
		Release|iPhoneSimulator = Release|iPhoneSimulator
		Release|x64 = Release|x64
		Release|x86 = Release|x86
	EndGlobalSection
	GlobalSection(ProjectConfigurationPlatforms) = postSolution
		{B8A3249D-1275-4878-B188-0A65788B3190}.Ad-Hoc|Any CPU.ActiveCfg = Release|Any CPU
		{B8A3249D-1275-4878-B188-0A65788B3190}.Ad-Hoc|Any CPU.Build.0 = Release|Any CPU
		{B8A3249D-1275-4878-B188-0A65788B3190}.Ad-Hoc|Any CPU.Deploy.0 = Release|Any CPU
		{B8A3249D-1275-4878-B188-0A65788B3190}.Ad-Hoc|ARM.ActiveCfg = Release|Any CPU
		{B8A3249D-1275-4878-B188-0A65788B3190}.Ad-Hoc|ARM.Build.0 = Release|Any CPU
		{B8A3249D-1275-4878-B188-0A65788B3190}.Ad-Hoc|ARM.Deploy.0 = Release|Any CPU
		{B8A3249D-1275-4878-B188-0A65788B3190}.Ad-Hoc|iPhone.ActiveCfg = Release|Any CPU
		{B8A3249D-1275-4878-B188-0A65788B3190}.Ad-Hoc|iPhone.Build.0 = Release|Any CPU
		{B8A3249D-1275-4878-B188-0A65788B3190}.Ad-Hoc|iPhone.Deploy.0 = Release|Any CPU
		{B8A3249D-1275-4878-B188-0A65788B3190}.Ad-Hoc|iPhoneSimulator.ActiveCfg = Release|Any CPU
		{B8A3249D-1275-4878-B188-0A65788B3190}.Ad-Hoc|iPhoneSimulator.Build.0 = Release|Any CPU
		{B8A3249D-1275-4878-B188-0A65788B3190}.Ad-Hoc|iPhoneSimulator.Deploy.0 = Release|Any CPU
		{B8A3249D-1275-4878-B188-0A65788B3190}.Ad-Hoc|x64.ActiveCfg = Release|Any CPU
		{B8A3249D-1275-4878-B188-0A65788B3190}.Ad-Hoc|x64.Build.0 = Release|Any CPU
		{B8A3249D-1275-4878-B188-0A65788B3190}.Ad-Hoc|x64.Deploy.0 = Release|Any CPU
		{B8A3249D-1275-4878-B188-0A65788B3190}.Ad-Hoc|x86.ActiveCfg = Release|Any CPU
		{B8A3249D-1275-4878-B188-0A65788B3190}.Ad-Hoc|x86.Build.0 = Release|Any CPU
		{B8A3249D-1275-4878-B188-0A65788B3190}.Ad-Hoc|x86.Deploy.0 = Release|Any CPU
		{B8A3249D-1275-4878-B188-0A65788B3190}.AppStore|Any CPU.ActiveCfg = Release|Any CPU
		{B8A3249D-1275-4878-B188-0A65788B3190}.AppStore|Any CPU.Build.0 = Release|Any CPU
		{B8A3249D-1275-4878-B188-0A65788B3190}.AppStore|Any CPU.Deploy.0 = Release|Any CPU
		{B8A3249D-1275-4878-B188-0A65788B3190}.AppStore|ARM.ActiveCfg = Release|Any CPU
		{B8A3249D-1275-4878-B188-0A65788B3190}.AppStore|ARM.Build.0 = Release|Any CPU
		{B8A3249D-1275-4878-B188-0A65788B3190}.AppStore|ARM.Deploy.0 = Release|Any CPU
		{B8A3249D-1275-4878-B188-0A65788B3190}.AppStore|iPhone.ActiveCfg = Release|Any CPU
		{B8A3249D-1275-4878-B188-0A65788B3190}.AppStore|iPhone.Build.0 = Release|Any CPU
		{B8A3249D-1275-4878-B188-0A65788B3190}.AppStore|iPhone.Deploy.0 = Release|Any CPU
		{B8A3249D-1275-4878-B188-0A65788B3190}.AppStore|iPhoneSimulator.ActiveCfg = Release|Any CPU
		{B8A3249D-1275-4878-B188-0A65788B3190}.AppStore|iPhoneSimulator.Build.0 = Release|Any CPU
		{B8A3249D-1275-4878-B188-0A65788B3190}.AppStore|iPhoneSimulator.Deploy.0 = Release|Any CPU
		{B8A3249D-1275-4878-B188-0A65788B3190}.AppStore|x64.ActiveCfg = Release|Any CPU
		{B8A3249D-1275-4878-B188-0A65788B3190}.AppStore|x64.Build.0 = Release|Any CPU
		{B8A3249D-1275-4878-B188-0A65788B3190}.AppStore|x64.Deploy.0 = Release|Any CPU
		{B8A3249D-1275-4878-B188-0A65788B3190}.AppStore|x86.ActiveCfg = Release|Any CPU
		{B8A3249D-1275-4878-B188-0A65788B3190}.AppStore|x86.Build.0 = Release|Any CPU
		{B8A3249D-1275-4878-B188-0A65788B3190}.AppStore|x86.Deploy.0 = Release|Any CPU
		{B8A3249D-1275-4878-B188-0A65788B3190}.Debug|Any CPU.ActiveCfg = Debug|Any CPU
		{B8A3249D-1275-4878-B188-0A65788B3190}.Debug|Any CPU.Build.0 = Debug|Any CPU
		{B8A3249D-1275-4878-B188-0A65788B3190}.Debug|Any CPU.Deploy.0 = Debug|Any CPU
		{B8A3249D-1275-4878-B188-0A65788B3190}.Debug|ARM.ActiveCfg = Debug|Any CPU
		{B8A3249D-1275-4878-B188-0A65788B3190}.Debug|ARM.Build.0 = Debug|Any CPU
		{B8A3249D-1275-4878-B188-0A65788B3190}.Debug|ARM.Deploy.0 = Debug|Any CPU
		{B8A3249D-1275-4878-B188-0A65788B3190}.Debug|iPhone.ActiveCfg = Debug|Any CPU
		{B8A3249D-1275-4878-B188-0A65788B3190}.Debug|iPhone.Build.0 = Debug|Any CPU
		{B8A3249D-1275-4878-B188-0A65788B3190}.Debug|iPhone.Deploy.0 = Debug|Any CPU
		{B8A3249D-1275-4878-B188-0A65788B3190}.Debug|iPhoneSimulator.ActiveCfg = Debug|Any CPU
		{B8A3249D-1275-4878-B188-0A65788B3190}.Debug|iPhoneSimulator.Build.0 = Debug|Any CPU
		{B8A3249D-1275-4878-B188-0A65788B3190}.Debug|iPhoneSimulator.Deploy.0 = Debug|Any CPU
		{B8A3249D-1275-4878-B188-0A65788B3190}.Debug|x64.ActiveCfg = Debug|Any CPU
		{B8A3249D-1275-4878-B188-0A65788B3190}.Debug|x64.Build.0 = Debug|Any CPU
		{B8A3249D-1275-4878-B188-0A65788B3190}.Debug|x64.Deploy.0 = Debug|Any CPU
		{B8A3249D-1275-4878-B188-0A65788B3190}.Debug|x86.ActiveCfg = Debug|Any CPU
		{B8A3249D-1275-4878-B188-0A65788B3190}.Debug|x86.Build.0 = Debug|Any CPU
		{B8A3249D-1275-4878-B188-0A65788B3190}.Debug|x86.Deploy.0 = Debug|Any CPU
		{B8A3249D-1275-4878-B188-0A65788B3190}.Release|Any CPU.ActiveCfg = Release|Any CPU
		{B8A3249D-1275-4878-B188-0A65788B3190}.Release|Any CPU.Build.0 = Release|Any CPU
		{B8A3249D-1275-4878-B188-0A65788B3190}.Release|Any CPU.Deploy.0 = Release|Any CPU
		{B8A3249D-1275-4878-B188-0A65788B3190}.Release|ARM.ActiveCfg = Release|Any CPU
		{B8A3249D-1275-4878-B188-0A65788B3190}.Release|ARM.Build.0 = Release|Any CPU
		{B8A3249D-1275-4878-B188-0A65788B3190}.Release|ARM.Deploy.0 = Release|Any CPU
		{B8A3249D-1275-4878-B188-0A65788B3190}.Release|iPhone.ActiveCfg = Release|Any CPU
		{B8A3249D-1275-4878-B188-0A65788B3190}.Release|iPhone.Build.0 = Release|Any CPU
		{B8A3249D-1275-4878-B188-0A65788B3190}.Release|iPhone.Deploy.0 = Release|Any CPU
		{B8A3249D-1275-4878-B188-0A65788B3190}.Release|iPhoneSimulator.ActiveCfg = Release|Any CPU
		{B8A3249D-1275-4878-B188-0A65788B3190}.Release|iPhoneSimulator.Build.0 = Release|Any CPU
		{B8A3249D-1275-4878-B188-0A65788B3190}.Release|iPhoneSimulator.Deploy.0 = Release|Any CPU
		{B8A3249D-1275-4878-B188-0A65788B3190}.Release|x64.ActiveCfg = Release|Any CPU
		{B8A3249D-1275-4878-B188-0A65788B3190}.Release|x64.Build.0 = Release|Any CPU
		{B8A3249D-1275-4878-B188-0A65788B3190}.Release|x64.Deploy.0 = Release|Any CPU
		{B8A3249D-1275-4878-B188-0A65788B3190}.Release|x86.ActiveCfg = Release|Any CPU
		{B8A3249D-1275-4878-B188-0A65788B3190}.Release|x86.Build.0 = Release|Any CPU
		{B8A3249D-1275-4878-B188-0A65788B3190}.Release|x86.Deploy.0 = Release|Any CPU
		{D4F1FEC0-A703-457B-8FCA-2217B555DC0C}.Ad-Hoc|Any CPU.ActiveCfg = Ad-Hoc|iPhone
		{D4F1FEC0-A703-457B-8FCA-2217B555DC0C}.Ad-Hoc|Any CPU.Build.0 = Ad-Hoc|iPhone
		{D4F1FEC0-A703-457B-8FCA-2217B555DC0C}.Ad-Hoc|Any CPU.Deploy.0 = Ad-Hoc|iPhone
		{D4F1FEC0-A703-457B-8FCA-2217B555DC0C}.Ad-Hoc|ARM.ActiveCfg = Ad-Hoc|iPhone
		{D4F1FEC0-A703-457B-8FCA-2217B555DC0C}.Ad-Hoc|ARM.Build.0 = Ad-Hoc|iPhone
		{D4F1FEC0-A703-457B-8FCA-2217B555DC0C}.Ad-Hoc|ARM.Deploy.0 = Ad-Hoc|iPhone
		{D4F1FEC0-A703-457B-8FCA-2217B555DC0C}.Ad-Hoc|iPhone.ActiveCfg = Ad-Hoc|iPhone
		{D4F1FEC0-A703-457B-8FCA-2217B555DC0C}.Ad-Hoc|iPhone.Build.0 = Ad-Hoc|iPhone
		{D4F1FEC0-A703-457B-8FCA-2217B555DC0C}.Ad-Hoc|iPhone.Deploy.0 = Ad-Hoc|iPhone
		{D4F1FEC0-A703-457B-8FCA-2217B555DC0C}.Ad-Hoc|iPhoneSimulator.ActiveCfg = Ad-Hoc|iPhoneSimulator
		{D4F1FEC0-A703-457B-8FCA-2217B555DC0C}.Ad-Hoc|iPhoneSimulator.Build.0 = Ad-Hoc|iPhoneSimulator
		{D4F1FEC0-A703-457B-8FCA-2217B555DC0C}.Ad-Hoc|iPhoneSimulator.Deploy.0 = Ad-Hoc|iPhoneSimulator
		{D4F1FEC0-A703-457B-8FCA-2217B555DC0C}.Ad-Hoc|x64.ActiveCfg = Ad-Hoc|iPhone
		{D4F1FEC0-A703-457B-8FCA-2217B555DC0C}.Ad-Hoc|x64.Build.0 = Ad-Hoc|iPhone
		{D4F1FEC0-A703-457B-8FCA-2217B555DC0C}.Ad-Hoc|x64.Deploy.0 = Ad-Hoc|iPhone
		{D4F1FEC0-A703-457B-8FCA-2217B555DC0C}.Ad-Hoc|x86.ActiveCfg = Ad-Hoc|iPhone
		{D4F1FEC0-A703-457B-8FCA-2217B555DC0C}.Ad-Hoc|x86.Build.0 = Ad-Hoc|iPhone
		{D4F1FEC0-A703-457B-8FCA-2217B555DC0C}.Ad-Hoc|x86.Deploy.0 = Ad-Hoc|iPhone
		{D4F1FEC0-A703-457B-8FCA-2217B555DC0C}.AppStore|Any CPU.ActiveCfg = AppStore|iPhone
		{D4F1FEC0-A703-457B-8FCA-2217B555DC0C}.AppStore|Any CPU.Build.0 = AppStore|iPhone
		{D4F1FEC0-A703-457B-8FCA-2217B555DC0C}.AppStore|Any CPU.Deploy.0 = AppStore|iPhone
		{D4F1FEC0-A703-457B-8FCA-2217B555DC0C}.AppStore|ARM.ActiveCfg = AppStore|iPhone
		{D4F1FEC0-A703-457B-8FCA-2217B555DC0C}.AppStore|ARM.Build.0 = AppStore|iPhone
		{D4F1FEC0-A703-457B-8FCA-2217B555DC0C}.AppStore|ARM.Deploy.0 = AppStore|iPhone
		{D4F1FEC0-A703-457B-8FCA-2217B555DC0C}.AppStore|iPhone.ActiveCfg = AppStore|iPhone
		{D4F1FEC0-A703-457B-8FCA-2217B555DC0C}.AppStore|iPhone.Build.0 = AppStore|iPhone
		{D4F1FEC0-A703-457B-8FCA-2217B555DC0C}.AppStore|iPhone.Deploy.0 = AppStore|iPhone
		{D4F1FEC0-A703-457B-8FCA-2217B555DC0C}.AppStore|iPhoneSimulator.ActiveCfg = AppStore|iPhoneSimulator
		{D4F1FEC0-A703-457B-8FCA-2217B555DC0C}.AppStore|iPhoneSimulator.Build.0 = AppStore|iPhoneSimulator
		{D4F1FEC0-A703-457B-8FCA-2217B555DC0C}.AppStore|iPhoneSimulator.Deploy.0 = AppStore|iPhoneSimulator
		{D4F1FEC0-A703-457B-8FCA-2217B555DC0C}.AppStore|x64.ActiveCfg = AppStore|iPhone
		{D4F1FEC0-A703-457B-8FCA-2217B555DC0C}.AppStore|x64.Build.0 = AppStore|iPhone
		{D4F1FEC0-A703-457B-8FCA-2217B555DC0C}.AppStore|x64.Deploy.0 = AppStore|iPhone
		{D4F1FEC0-A703-457B-8FCA-2217B555DC0C}.AppStore|x86.ActiveCfg = AppStore|iPhone
		{D4F1FEC0-A703-457B-8FCA-2217B555DC0C}.AppStore|x86.Build.0 = AppStore|iPhone
		{D4F1FEC0-A703-457B-8FCA-2217B555DC0C}.AppStore|x86.Deploy.0 = AppStore|iPhone
		{D4F1FEC0-A703-457B-8FCA-2217B555DC0C}.Debug|Any CPU.ActiveCfg = Debug|iPhoneSimulator
		{D4F1FEC0-A703-457B-8FCA-2217B555DC0C}.Debug|Any CPU.Build.0 = Debug|iPhoneSimulator
		{D4F1FEC0-A703-457B-8FCA-2217B555DC0C}.Debug|Any CPU.Deploy.0 = Debug|iPhoneSimulator
		{D4F1FEC0-A703-457B-8FCA-2217B555DC0C}.Debug|ARM.ActiveCfg = Debug|iPhone
		{D4F1FEC0-A703-457B-8FCA-2217B555DC0C}.Debug|ARM.Build.0 = Debug|iPhone
		{D4F1FEC0-A703-457B-8FCA-2217B555DC0C}.Debug|ARM.Deploy.0 = Debug|iPhone
		{D4F1FEC0-A703-457B-8FCA-2217B555DC0C}.Debug|iPhone.ActiveCfg = Debug|iPhone
		{D4F1FEC0-A703-457B-8FCA-2217B555DC0C}.Debug|iPhone.Build.0 = Debug|iPhone
		{D4F1FEC0-A703-457B-8FCA-2217B555DC0C}.Debug|iPhone.Deploy.0 = Debug|iPhone
		{D4F1FEC0-A703-457B-8FCA-2217B555DC0C}.Debug|iPhoneSimulator.ActiveCfg = Debug|iPhoneSimulator
		{D4F1FEC0-A703-457B-8FCA-2217B555DC0C}.Debug|iPhoneSimulator.Build.0 = Debug|iPhoneSimulator
		{D4F1FEC0-A703-457B-8FCA-2217B555DC0C}.Debug|iPhoneSimulator.Deploy.0 = Debug|iPhoneSimulator
		{D4F1FEC0-A703-457B-8FCA-2217B555DC0C}.Debug|x64.ActiveCfg = Debug|iPhone
		{D4F1FEC0-A703-457B-8FCA-2217B555DC0C}.Debug|x64.Build.0 = Debug|iPhone
		{D4F1FEC0-A703-457B-8FCA-2217B555DC0C}.Debug|x64.Deploy.0 = Debug|iPhone
		{D4F1FEC0-A703-457B-8FCA-2217B555DC0C}.Debug|x86.ActiveCfg = Debug|iPhone
		{D4F1FEC0-A703-457B-8FCA-2217B555DC0C}.Debug|x86.Build.0 = Debug|iPhone
		{D4F1FEC0-A703-457B-8FCA-2217B555DC0C}.Debug|x86.Deploy.0 = Debug|iPhone
		{D4F1FEC0-A703-457B-8FCA-2217B555DC0C}.Release|Any CPU.ActiveCfg = Release|iPhone
		{D4F1FEC0-A703-457B-8FCA-2217B555DC0C}.Release|Any CPU.Build.0 = Release|iPhone
		{D4F1FEC0-A703-457B-8FCA-2217B555DC0C}.Release|Any CPU.Deploy.0 = Release|iPhone
		{D4F1FEC0-A703-457B-8FCA-2217B555DC0C}.Release|ARM.ActiveCfg = Release|iPhone
		{D4F1FEC0-A703-457B-8FCA-2217B555DC0C}.Release|ARM.Build.0 = Release|iPhone
		{D4F1FEC0-A703-457B-8FCA-2217B555DC0C}.Release|ARM.Deploy.0 = Release|iPhone
		{D4F1FEC0-A703-457B-8FCA-2217B555DC0C}.Release|iPhone.ActiveCfg = Release|iPhone
		{D4F1FEC0-A703-457B-8FCA-2217B555DC0C}.Release|iPhone.Build.0 = Release|iPhone
		{D4F1FEC0-A703-457B-8FCA-2217B555DC0C}.Release|iPhone.Deploy.0 = Release|iPhone
		{D4F1FEC0-A703-457B-8FCA-2217B555DC0C}.Release|iPhoneSimulator.ActiveCfg = Release|iPhoneSimulator
		{D4F1FEC0-A703-457B-8FCA-2217B555DC0C}.Release|iPhoneSimulator.Build.0 = Release|iPhoneSimulator
		{D4F1FEC0-A703-457B-8FCA-2217B555DC0C}.Release|iPhoneSimulator.Deploy.0 = Release|iPhoneSimulator
		{D4F1FEC0-A703-457B-8FCA-2217B555DC0C}.Release|x64.ActiveCfg = Release|iPhone
		{D4F1FEC0-A703-457B-8FCA-2217B555DC0C}.Release|x64.Build.0 = Release|iPhone
		{D4F1FEC0-A703-457B-8FCA-2217B555DC0C}.Release|x64.Deploy.0 = Release|iPhone
		{D4F1FEC0-A703-457B-8FCA-2217B555DC0C}.Release|x86.ActiveCfg = Release|iPhone
		{D4F1FEC0-A703-457B-8FCA-2217B555DC0C}.Release|x86.Build.0 = Release|iPhone
		{D4F1FEC0-A703-457B-8FCA-2217B555DC0C}.Release|x86.Deploy.0 = Release|iPhone
		{C1D4CE73-BA62-4AD8-932B-CEDA09F17D05}.Ad-Hoc|Any CPU.ActiveCfg = Release|x86
		{C1D4CE73-BA62-4AD8-932B-CEDA09F17D05}.Ad-Hoc|Any CPU.Build.0 = Release|x86
		{C1D4CE73-BA62-4AD8-932B-CEDA09F17D05}.Ad-Hoc|Any CPU.Deploy.0 = Release|x86
		{C1D4CE73-BA62-4AD8-932B-CEDA09F17D05}.Ad-Hoc|ARM.ActiveCfg = Release|ARM
		{C1D4CE73-BA62-4AD8-932B-CEDA09F17D05}.Ad-Hoc|ARM.Build.0 = Release|ARM
		{C1D4CE73-BA62-4AD8-932B-CEDA09F17D05}.Ad-Hoc|ARM.Deploy.0 = Release|ARM
		{C1D4CE73-BA62-4AD8-932B-CEDA09F17D05}.Ad-Hoc|iPhone.ActiveCfg = Release|x86
		{C1D4CE73-BA62-4AD8-932B-CEDA09F17D05}.Ad-Hoc|iPhone.Build.0 = Release|x86
		{C1D4CE73-BA62-4AD8-932B-CEDA09F17D05}.Ad-Hoc|iPhone.Deploy.0 = Release|x86
		{C1D4CE73-BA62-4AD8-932B-CEDA09F17D05}.Ad-Hoc|iPhoneSimulator.ActiveCfg = Release|x86
		{C1D4CE73-BA62-4AD8-932B-CEDA09F17D05}.Ad-Hoc|iPhoneSimulator.Build.0 = Release|x86
		{C1D4CE73-BA62-4AD8-932B-CEDA09F17D05}.Ad-Hoc|iPhoneSimulator.Deploy.0 = Release|x86
		{C1D4CE73-BA62-4AD8-932B-CEDA09F17D05}.Ad-Hoc|x64.ActiveCfg = Release|x64
		{C1D4CE73-BA62-4AD8-932B-CEDA09F17D05}.Ad-Hoc|x64.Build.0 = Release|x64
		{C1D4CE73-BA62-4AD8-932B-CEDA09F17D05}.Ad-Hoc|x64.Deploy.0 = Release|x64
		{C1D4CE73-BA62-4AD8-932B-CEDA09F17D05}.Ad-Hoc|x86.ActiveCfg = Release|x86
		{C1D4CE73-BA62-4AD8-932B-CEDA09F17D05}.Ad-Hoc|x86.Build.0 = Release|x86
		{C1D4CE73-BA62-4AD8-932B-CEDA09F17D05}.Ad-Hoc|x86.Deploy.0 = Release|x86
		{C1D4CE73-BA62-4AD8-932B-CEDA09F17D05}.AppStore|Any CPU.ActiveCfg = Release|x86
		{C1D4CE73-BA62-4AD8-932B-CEDA09F17D05}.AppStore|Any CPU.Build.0 = Release|x86
		{C1D4CE73-BA62-4AD8-932B-CEDA09F17D05}.AppStore|Any CPU.Deploy.0 = Release|x86
		{C1D4CE73-BA62-4AD8-932B-CEDA09F17D05}.AppStore|ARM.ActiveCfg = Release|ARM
		{C1D4CE73-BA62-4AD8-932B-CEDA09F17D05}.AppStore|ARM.Build.0 = Release|ARM
		{C1D4CE73-BA62-4AD8-932B-CEDA09F17D05}.AppStore|ARM.Deploy.0 = Release|ARM
		{C1D4CE73-BA62-4AD8-932B-CEDA09F17D05}.AppStore|iPhone.ActiveCfg = Release|x86
		{C1D4CE73-BA62-4AD8-932B-CEDA09F17D05}.AppStore|iPhone.Build.0 = Release|x86
		{C1D4CE73-BA62-4AD8-932B-CEDA09F17D05}.AppStore|iPhone.Deploy.0 = Release|x86
		{C1D4CE73-BA62-4AD8-932B-CEDA09F17D05}.AppStore|iPhoneSimulator.ActiveCfg = Release|x86
		{C1D4CE73-BA62-4AD8-932B-CEDA09F17D05}.AppStore|iPhoneSimulator.Build.0 = Release|x86
		{C1D4CE73-BA62-4AD8-932B-CEDA09F17D05}.AppStore|iPhoneSimulator.Deploy.0 = Release|x86
		{C1D4CE73-BA62-4AD8-932B-CEDA09F17D05}.AppStore|x64.ActiveCfg = Release|x64
		{C1D4CE73-BA62-4AD8-932B-CEDA09F17D05}.AppStore|x64.Build.0 = Release|x64
		{C1D4CE73-BA62-4AD8-932B-CEDA09F17D05}.AppStore|x64.Deploy.0 = Release|x64
		{C1D4CE73-BA62-4AD8-932B-CEDA09F17D05}.AppStore|x86.ActiveCfg = Release|x86
		{C1D4CE73-BA62-4AD8-932B-CEDA09F17D05}.AppStore|x86.Build.0 = Release|x86
		{C1D4CE73-BA62-4AD8-932B-CEDA09F17D05}.AppStore|x86.Deploy.0 = Release|x86
		{C1D4CE73-BA62-4AD8-932B-CEDA09F17D05}.Debug|Any CPU.ActiveCfg = Debug|x86
		{C1D4CE73-BA62-4AD8-932B-CEDA09F17D05}.Debug|Any CPU.Build.0 = Debug|x86
		{C1D4CE73-BA62-4AD8-932B-CEDA09F17D05}.Debug|Any CPU.Deploy.0 = Debug|x86
		{C1D4CE73-BA62-4AD8-932B-CEDA09F17D05}.Debug|ARM.ActiveCfg = Debug|ARM
		{C1D4CE73-BA62-4AD8-932B-CEDA09F17D05}.Debug|ARM.Build.0 = Debug|ARM
		{C1D4CE73-BA62-4AD8-932B-CEDA09F17D05}.Debug|ARM.Deploy.0 = Debug|ARM
		{C1D4CE73-BA62-4AD8-932B-CEDA09F17D05}.Debug|iPhone.ActiveCfg = Debug|x86
		{C1D4CE73-BA62-4AD8-932B-CEDA09F17D05}.Debug|iPhone.Build.0 = Debug|x86
		{C1D4CE73-BA62-4AD8-932B-CEDA09F17D05}.Debug|iPhone.Deploy.0 = Debug|x86
		{C1D4CE73-BA62-4AD8-932B-CEDA09F17D05}.Debug|iPhoneSimulator.ActiveCfg = Debug|x86
		{C1D4CE73-BA62-4AD8-932B-CEDA09F17D05}.Debug|iPhoneSimulator.Build.0 = Debug|x86
		{C1D4CE73-BA62-4AD8-932B-CEDA09F17D05}.Debug|iPhoneSimulator.Deploy.0 = Debug|x86
		{C1D4CE73-BA62-4AD8-932B-CEDA09F17D05}.Debug|x64.ActiveCfg = Debug|x64
		{C1D4CE73-BA62-4AD8-932B-CEDA09F17D05}.Debug|x64.Build.0 = Debug|x64
		{C1D4CE73-BA62-4AD8-932B-CEDA09F17D05}.Debug|x64.Deploy.0 = Debug|x64
		{C1D4CE73-BA62-4AD8-932B-CEDA09F17D05}.Debug|x86.ActiveCfg = Debug|x86
		{C1D4CE73-BA62-4AD8-932B-CEDA09F17D05}.Debug|x86.Build.0 = Debug|x86
		{C1D4CE73-BA62-4AD8-932B-CEDA09F17D05}.Debug|x86.Deploy.0 = Debug|x86
		{C1D4CE73-BA62-4AD8-932B-CEDA09F17D05}.Release|Any CPU.ActiveCfg = Release|x86
		{C1D4CE73-BA62-4AD8-932B-CEDA09F17D05}.Release|Any CPU.Build.0 = Release|x86
		{C1D4CE73-BA62-4AD8-932B-CEDA09F17D05}.Release|Any CPU.Deploy.0 = Release|x86
		{C1D4CE73-BA62-4AD8-932B-CEDA09F17D05}.Release|ARM.ActiveCfg = Release|ARM
		{C1D4CE73-BA62-4AD8-932B-CEDA09F17D05}.Release|ARM.Build.0 = Release|ARM
		{C1D4CE73-BA62-4AD8-932B-CEDA09F17D05}.Release|ARM.Deploy.0 = Release|ARM
		{C1D4CE73-BA62-4AD8-932B-CEDA09F17D05}.Release|iPhone.ActiveCfg = Release|x86
		{C1D4CE73-BA62-4AD8-932B-CEDA09F17D05}.Release|iPhone.Build.0 = Release|x86
		{C1D4CE73-BA62-4AD8-932B-CEDA09F17D05}.Release|iPhone.Deploy.0 = Release|x86
		{C1D4CE73-BA62-4AD8-932B-CEDA09F17D05}.Release|iPhoneSimulator.ActiveCfg = Release|x86
		{C1D4CE73-BA62-4AD8-932B-CEDA09F17D05}.Release|iPhoneSimulator.Build.0 = Release|x86
		{C1D4CE73-BA62-4AD8-932B-CEDA09F17D05}.Release|iPhoneSimulator.Deploy.0 = Release|x86
		{C1D4CE73-BA62-4AD8-932B-CEDA09F17D05}.Release|x64.ActiveCfg = Release|x64
		{C1D4CE73-BA62-4AD8-932B-CEDA09F17D05}.Release|x64.Build.0 = Release|x64
		{C1D4CE73-BA62-4AD8-932B-CEDA09F17D05}.Release|x64.Deploy.0 = Release|x64
		{C1D4CE73-BA62-4AD8-932B-CEDA09F17D05}.Release|x86.ActiveCfg = Release|x86
		{C1D4CE73-BA62-4AD8-932B-CEDA09F17D05}.Release|x86.Build.0 = Release|x86
		{C1D4CE73-BA62-4AD8-932B-CEDA09F17D05}.Release|x86.Deploy.0 = Release|x86
		{C00D787D-BC7F-45D8-8948-F3A0BD7BB963}.Ad-Hoc|Any CPU.ActiveCfg = Debug|Any CPU
		{C00D787D-BC7F-45D8-8948-F3A0BD7BB963}.Ad-Hoc|Any CPU.Build.0 = Debug|Any CPU
		{C00D787D-BC7F-45D8-8948-F3A0BD7BB963}.Ad-Hoc|Any CPU.Deploy.0 = Debug|Any CPU
		{C00D787D-BC7F-45D8-8948-F3A0BD7BB963}.Ad-Hoc|ARM.ActiveCfg = Debug|Any CPU
		{C00D787D-BC7F-45D8-8948-F3A0BD7BB963}.Ad-Hoc|ARM.Build.0 = Debug|Any CPU
		{C00D787D-BC7F-45D8-8948-F3A0BD7BB963}.Ad-Hoc|ARM.Deploy.0 = Debug|Any CPU
		{C00D787D-BC7F-45D8-8948-F3A0BD7BB963}.Ad-Hoc|iPhone.ActiveCfg = Debug|Any CPU
		{C00D787D-BC7F-45D8-8948-F3A0BD7BB963}.Ad-Hoc|iPhone.Build.0 = Debug|Any CPU
		{C00D787D-BC7F-45D8-8948-F3A0BD7BB963}.Ad-Hoc|iPhone.Deploy.0 = Debug|Any CPU
		{C00D787D-BC7F-45D8-8948-F3A0BD7BB963}.Ad-Hoc|iPhoneSimulator.ActiveCfg = Debug|Any CPU
		{C00D787D-BC7F-45D8-8948-F3A0BD7BB963}.Ad-Hoc|iPhoneSimulator.Build.0 = Debug|Any CPU
		{C00D787D-BC7F-45D8-8948-F3A0BD7BB963}.Ad-Hoc|iPhoneSimulator.Deploy.0 = Debug|Any CPU
		{C00D787D-BC7F-45D8-8948-F3A0BD7BB963}.Ad-Hoc|x64.ActiveCfg = Debug|Any CPU
		{C00D787D-BC7F-45D8-8948-F3A0BD7BB963}.Ad-Hoc|x64.Build.0 = Debug|Any CPU
		{C00D787D-BC7F-45D8-8948-F3A0BD7BB963}.Ad-Hoc|x64.Deploy.0 = Debug|Any CPU
		{C00D787D-BC7F-45D8-8948-F3A0BD7BB963}.Ad-Hoc|x86.ActiveCfg = Debug|Any CPU
		{C00D787D-BC7F-45D8-8948-F3A0BD7BB963}.Ad-Hoc|x86.Build.0 = Debug|Any CPU
		{C00D787D-BC7F-45D8-8948-F3A0BD7BB963}.Ad-Hoc|x86.Deploy.0 = Debug|Any CPU
		{C00D787D-BC7F-45D8-8948-F3A0BD7BB963}.AppStore|Any CPU.ActiveCfg = Debug|Any CPU
		{C00D787D-BC7F-45D8-8948-F3A0BD7BB963}.AppStore|Any CPU.Build.0 = Debug|Any CPU
		{C00D787D-BC7F-45D8-8948-F3A0BD7BB963}.AppStore|Any CPU.Deploy.0 = Debug|Any CPU
		{C00D787D-BC7F-45D8-8948-F3A0BD7BB963}.AppStore|ARM.ActiveCfg = Debug|Any CPU
		{C00D787D-BC7F-45D8-8948-F3A0BD7BB963}.AppStore|ARM.Build.0 = Debug|Any CPU
		{C00D787D-BC7F-45D8-8948-F3A0BD7BB963}.AppStore|ARM.Deploy.0 = Debug|Any CPU
		{C00D787D-BC7F-45D8-8948-F3A0BD7BB963}.AppStore|iPhone.ActiveCfg = Debug|Any CPU
		{C00D787D-BC7F-45D8-8948-F3A0BD7BB963}.AppStore|iPhone.Build.0 = Debug|Any CPU
		{C00D787D-BC7F-45D8-8948-F3A0BD7BB963}.AppStore|iPhone.Deploy.0 = Debug|Any CPU
		{C00D787D-BC7F-45D8-8948-F3A0BD7BB963}.AppStore|iPhoneSimulator.ActiveCfg = Debug|Any CPU
		{C00D787D-BC7F-45D8-8948-F3A0BD7BB963}.AppStore|iPhoneSimulator.Build.0 = Debug|Any CPU
		{C00D787D-BC7F-45D8-8948-F3A0BD7BB963}.AppStore|iPhoneSimulator.Deploy.0 = Debug|Any CPU
		{C00D787D-BC7F-45D8-8948-F3A0BD7BB963}.AppStore|x64.ActiveCfg = Debug|Any CPU
		{C00D787D-BC7F-45D8-8948-F3A0BD7BB963}.AppStore|x64.Build.0 = Debug|Any CPU
		{C00D787D-BC7F-45D8-8948-F3A0BD7BB963}.AppStore|x64.Deploy.0 = Debug|Any CPU
		{C00D787D-BC7F-45D8-8948-F3A0BD7BB963}.AppStore|x86.ActiveCfg = Debug|Any CPU
		{C00D787D-BC7F-45D8-8948-F3A0BD7BB963}.AppStore|x86.Build.0 = Debug|Any CPU
		{C00D787D-BC7F-45D8-8948-F3A0BD7BB963}.AppStore|x86.Deploy.0 = Debug|Any CPU
		{C00D787D-BC7F-45D8-8948-F3A0BD7BB963}.Debug|Any CPU.ActiveCfg = Debug|Any CPU
		{C00D787D-BC7F-45D8-8948-F3A0BD7BB963}.Debug|Any CPU.Build.0 = Debug|Any CPU
		{C00D787D-BC7F-45D8-8948-F3A0BD7BB963}.Debug|Any CPU.Deploy.0 = Debug|Any CPU
		{C00D787D-BC7F-45D8-8948-F3A0BD7BB963}.Debug|ARM.ActiveCfg = Debug|Any CPU
		{C00D787D-BC7F-45D8-8948-F3A0BD7BB963}.Debug|ARM.Build.0 = Debug|Any CPU
		{C00D787D-BC7F-45D8-8948-F3A0BD7BB963}.Debug|ARM.Deploy.0 = Debug|Any CPU
		{C00D787D-BC7F-45D8-8948-F3A0BD7BB963}.Debug|iPhone.ActiveCfg = Debug|Any CPU
		{C00D787D-BC7F-45D8-8948-F3A0BD7BB963}.Debug|iPhone.Build.0 = Debug|Any CPU
		{C00D787D-BC7F-45D8-8948-F3A0BD7BB963}.Debug|iPhone.Deploy.0 = Debug|Any CPU
		{C00D787D-BC7F-45D8-8948-F3A0BD7BB963}.Debug|iPhoneSimulator.ActiveCfg = Debug|Any CPU
		{C00D787D-BC7F-45D8-8948-F3A0BD7BB963}.Debug|iPhoneSimulator.Build.0 = Debug|Any CPU
		{C00D787D-BC7F-45D8-8948-F3A0BD7BB963}.Debug|iPhoneSimulator.Deploy.0 = Debug|Any CPU
		{C00D787D-BC7F-45D8-8948-F3A0BD7BB963}.Debug|x64.ActiveCfg = Debug|Any CPU
		{C00D787D-BC7F-45D8-8948-F3A0BD7BB963}.Debug|x64.Build.0 = Debug|Any CPU
		{C00D787D-BC7F-45D8-8948-F3A0BD7BB963}.Debug|x64.Deploy.0 = Debug|Any CPU
		{C00D787D-BC7F-45D8-8948-F3A0BD7BB963}.Debug|x86.ActiveCfg = Debug|Any CPU
		{C00D787D-BC7F-45D8-8948-F3A0BD7BB963}.Debug|x86.Build.0 = Debug|Any CPU
		{C00D787D-BC7F-45D8-8948-F3A0BD7BB963}.Debug|x86.Deploy.0 = Debug|Any CPU
		{C00D787D-BC7F-45D8-8948-F3A0BD7BB963}.Release|Any CPU.ActiveCfg = Release|Any CPU
		{C00D787D-BC7F-45D8-8948-F3A0BD7BB963}.Release|Any CPU.Build.0 = Release|Any CPU
		{C00D787D-BC7F-45D8-8948-F3A0BD7BB963}.Release|Any CPU.Deploy.0 = Release|Any CPU
		{C00D787D-BC7F-45D8-8948-F3A0BD7BB963}.Release|ARM.ActiveCfg = Release|Any CPU
		{C00D787D-BC7F-45D8-8948-F3A0BD7BB963}.Release|ARM.Build.0 = Release|Any CPU
		{C00D787D-BC7F-45D8-8948-F3A0BD7BB963}.Release|ARM.Deploy.0 = Release|Any CPU
		{C00D787D-BC7F-45D8-8948-F3A0BD7BB963}.Release|iPhone.ActiveCfg = Release|Any CPU
		{C00D787D-BC7F-45D8-8948-F3A0BD7BB963}.Release|iPhone.Build.0 = Release|Any CPU
		{C00D787D-BC7F-45D8-8948-F3A0BD7BB963}.Release|iPhone.Deploy.0 = Release|Any CPU
		{C00D787D-BC7F-45D8-8948-F3A0BD7BB963}.Release|iPhoneSimulator.ActiveCfg = Release|Any CPU
		{C00D787D-BC7F-45D8-8948-F3A0BD7BB963}.Release|iPhoneSimulator.Build.0 = Release|Any CPU
		{C00D787D-BC7F-45D8-8948-F3A0BD7BB963}.Release|iPhoneSimulator.Deploy.0 = Release|Any CPU
		{C00D787D-BC7F-45D8-8948-F3A0BD7BB963}.Release|x64.ActiveCfg = Release|Any CPU
		{C00D787D-BC7F-45D8-8948-F3A0BD7BB963}.Release|x64.Build.0 = Release|Any CPU
		{C00D787D-BC7F-45D8-8948-F3A0BD7BB963}.Release|x64.Deploy.0 = Release|Any CPU
		{C00D787D-BC7F-45D8-8948-F3A0BD7BB963}.Release|x86.ActiveCfg = Release|Any CPU
		{C00D787D-BC7F-45D8-8948-F3A0BD7BB963}.Release|x86.Build.0 = Release|Any CPU
		{C00D787D-BC7F-45D8-8948-F3A0BD7BB963}.Release|x86.Deploy.0 = Release|Any CPU
	EndGlobalSection
	GlobalSection(SolutionProperties) = preSolution
		HideSolutionNode = FALSE
	EndGlobalSection
	GlobalSection(ExtensibilityGlobals) = postSolution
		SolutionGuid = {05BD675E-4C40-4D9A-9591-2A8B1907B2E7}
	EndGlobalSection
EndGlobal
